PODS:
  - Alamofire (5.10.1)
  - HandlersKit (1.0.0)
  - SnapKit (5.7.1)

DEPENDENCIES:
  - Alamofire
  - HandlersKit
  - SnapKit

SPEC REPOS:
  trunk:
    - Alamofire
    - HandlersKit
    - SnapKit

SPEC CHECKSUMS:
  Alamofire: 840d2a1ad82355b536ec6ba5f97e5bfa54600ca3
  HandlersKit: 7702c1b098238baf06dd3384ced2c2114c4ebc81
  SnapKit: d612e99e678a2d3b95bf60b0705ed0a35c03484a

PODFILE CHECKSUM: d1c35429c413affabefd323c3ff6514dd8491594

COCOAPODS: 1.16.2
