// !$*UTF8*$!
{
	archiveVersion = 1;
	classes = {
	};
	objectVersion = 56;
	objects = {

/* Begin PBXBuildFile section */
		8D65B6B6E0AD590AEE4AFFA1 /* Pods_moviemate_ios.framework in Frameworks */ = {isa = PBXBuildFile; fileRef = 29D031F686DC5808AA4EC3C0 /* Pods_moviemate_ios.framework */; };
		A72B41882CDCFAE900CAE5D1 /* WaitingPageView.swift in Sources */ = {isa = PBXBuildFile; fileRef = A72B41852CDCFAE900CAE5D1 /* WaitingPageView.swift */; };
		A72B41892CDCFAE900CAE5D1 /* WaitingPageViewController.swift in Sources */ = {isa = PBXBuildFile; fileRef = A72B41862CDCFAE900CAE5D1 /* WaitingPageViewController.swift */; };
		A72B418F2CDCFB5200CAE5D1 /* ApiClient.swift in Sources */ = {isa = PBXBuildFile; fileRef = A72B418A2CDCFB5200CAE5D1 /* ApiClient.swift */; };
		A72B41902CDCFB5200CAE5D1 /* ApiError.swift in Sources */ = {isa = PBXBuildFile; fileRef = A72B418B2CDCFB5200CAE5D1 /* ApiError.swift */; };
		A72B41912CDCFB5200CAE5D1 /* AppState.swift in Sources */ = {isa = PBXBuildFile; fileRef = A72B418C2CDCFB5200CAE5D1 /* AppState.swift */; };
		A72B41922CDCFB5200CAE5D1 /* PollingManager.swift in Sources */ = {isa = PBXBuildFile; fileRef = A72B418D2CDCFB5200CAE5D1 /* PollingManager.swift */; };
		A72B41942CDCFBB000CAE5D1 /* UIKeyboard+SnapKit.swift in Sources */ = {isa = PBXBuildFile; fileRef = A72B41932CDCFBB000CAE5D1 /* UIKeyboard+SnapKit.swift */; };
		A72B41982CDCFE3C00CAE5D1 /* LobbyInfo.swift in Sources */ = {isa = PBXBuildFile; fileRef = A72B41952CDCFE3C00CAE5D1 /* LobbyInfo.swift */; };
		A72B41992CDCFE3C00CAE5D1 /* Movie.swift in Sources */ = {isa = PBXBuildFile; fileRef = A72B41962CDCFE3C00CAE5D1 /* Movie.swift */; };
		A72B419B2CDCFE6200CAE5D1 /* AlertController.swift in Sources */ = {isa = PBXBuildFile; fileRef = A72B419A2CDCFE6200CAE5D1 /* AlertController.swift */; };
		A72B41A02CDCFFCD00CAE5D1 /* DeckPageDataSource.swift in Sources */ = {isa = PBXBuildFile; fileRef = A72B419C2CDCFFCC00CAE5D1 /* DeckPageDataSource.swift */; };
		A72B41A12CDCFFCD00CAE5D1 /* DeckPageViewController.swift in Sources */ = {isa = PBXBuildFile; fileRef = A72B419D2CDCFFCC00CAE5D1 /* DeckPageViewController.swift */; };
		A72B41AB2CDD005600CAE5D1 /* MovieActionsView.swift in Sources */ = {isa = PBXBuildFile; fileRef = A72B41A32CDD005600CAE5D1 /* MovieActionsView.swift */; };
		A72B41AC2CDD005600CAE5D1 /* MovieCardDescriptionViewController.swift in Sources */ = {isa = PBXBuildFile; fileRef = A72B41A42CDD005600CAE5D1 /* MovieCardDescriptionViewController.swift */; };
		A72B41AD2CDD005600CAE5D1 /* MovieGenresLabel.swift in Sources */ = {isa = PBXBuildFile; fileRef = A72B41A52CDD005600CAE5D1 /* MovieGenresLabel.swift */; };
		A72B41AE2CDD005600CAE5D1 /* MovieInfoLabel.swift in Sources */ = {isa = PBXBuildFile; fileRef = A72B41A62CDD005600CAE5D1 /* MovieInfoLabel.swift */; };
		A72B41AF2CDD005600CAE5D1 /* MovieCardView.swift in Sources */ = {isa = PBXBuildFile; fileRef = A72B41A82CDD005600CAE5D1 /* MovieCardView.swift */; };
		A72B41B02CDD005600CAE5D1 /* MovieCardViewModel.swift in Sources */ = {isa = PBXBuildFile; fileRef = A72B41A92CDD005600CAE5D1 /* MovieCardViewModel.swift */; };
		A72B41B52CDD2DA300CAE5D1 /* ResultPageView.swift in Sources */ = {isa = PBXBuildFile; fileRef = A72B41B12CDD2DA300CAE5D1 /* ResultPageView.swift */; };
		A72B41B62CDD2DA300CAE5D1 /* ResultPageViewController.swift in Sources */ = {isa = PBXBuildFile; fileRef = A72B41B22CDD2DA300CAE5D1 /* ResultPageViewController.swift */; };
		A72B41B72CDD2DA300CAE5D1 /* ResultPageViewModel.swift in Sources */ = {isa = PBXBuildFile; fileRef = A72B41B32CDD2DA300CAE5D1 /* ResultPageViewModel.swift */; };
		A72B41BD2CDD4B3E00CAE5D1 /* GenreCell.swift in Sources */ = {isa = PBXBuildFile; fileRef = A72B41B82CDD4B3E00CAE5D1 /* GenreCell.swift */; };
		A72B41BE2CDD4B3E00CAE5D1 /* GenrePageView.swift in Sources */ = {isa = PBXBuildFile; fileRef = A72B41B92CDD4B3E00CAE5D1 /* GenrePageView.swift */; };
		A72B41BF2CDD4B3E00CAE5D1 /* GenrePageViewController.swift in Sources */ = {isa = PBXBuildFile; fileRef = A72B41BA2CDD4B3E00CAE5D1 /* GenrePageViewController.swift */; };
		A72B41C02CDD4B3E00CAE5D1 /* GenrePageViewModel.swift in Sources */ = {isa = PBXBuildFile; fileRef = A72B41BB2CDD4B3E00CAE5D1 /* GenrePageViewModel.swift */; };
		A72DFBD32CDAA42D00AF0C8A /* AppDelegate.swift in Sources */ = {isa = PBXBuildFile; fileRef = A72DFBD22CDAA42D00AF0C8A /* AppDelegate.swift */; };
		A72DFBD52CDAA42D00AF0C8A /* SceneDelegate.swift in Sources */ = {isa = PBXBuildFile; fileRef = A72DFBD42CDAA42D00AF0C8A /* SceneDelegate.swift */; };
		A72DFBDC2CDAA42E00AF0C8A /* Assets.xcassets in Resources */ = {isa = PBXBuildFile; fileRef = A72DFBDB2CDAA42E00AF0C8A /* Assets.xcassets */; };
		A72DFBDF2CDAA42E00AF0C8A /* Base in Resources */ = {isa = PBXBuildFile; fileRef = A72DFBDE2CDAA42E00AF0C8A /* Base */; };
		A76FDF2E2CDAA88900F0786B /* WelcomePageViewController.swift in Sources */ = {isa = PBXBuildFile; fileRef = A76FDF2D2CDAA88900F0786B /* WelcomePageViewController.swift */; };
		A76FDF312CDAA8A900F0786B /* WelcomePageViewModel.swift in Sources */ = {isa = PBXBuildFile; fileRef = A76FDF302CDAA8A900F0786B /* WelcomePageViewModel.swift */; };
		A76FDF332CDAA8C100F0786B /* WelcomePageView.swift in Sources */ = {isa = PBXBuildFile; fileRef = A76FDF322CDAA8C100F0786B /* WelcomePageView.swift */; };
		A7A34BC32CDAA9A4001C42B7 /* Utils.swift in Sources */ = {isa = PBXBuildFile; fileRef = A7A34BC22CDAA9A4001C42B7 /* Utils.swift */; };
		A7A34BC62CDAAAF0001C42B7 /* Router.swift in Sources */ = {isa = PBXBuildFile; fileRef = A7A34BC52CDAAAF0001C42B7 /* Router.swift */; };
		A7A34BC82CDAAB03001C42B7 /* Page.swift in Sources */ = {isa = PBXBuildFile; fileRef = A7A34BC72CDAAB03001C42B7 /* Page.swift */; };
		A7A35E322CDBDD1C001C42B7 /* LobbyPageView.swift in Sources */ = {isa = PBXBuildFile; fileRef = A7A35E2E2CDBDD1C001C42B7 /* LobbyPageView.swift */; };
		A7A35E332CDBDD1C001C42B7 /* LobbyPageViewController.swift in Sources */ = {isa = PBXBuildFile; fileRef = A7A35E2F2CDBDD1C001C42B7 /* LobbyPageViewController.swift */; };
		A7A35E342CDBDD1C001C42B7 /* LobbyPageViewModel.swift in Sources */ = {isa = PBXBuildFile; fileRef = A7A35E302CDBDD1C001C42B7 /* LobbyPageViewModel.swift */; };
/* End PBXBuildFile section */

/* Begin PBXFileReference section */
		0971F5C9D282B1FA281C820F /* Pods-moviemate-ios.release.xcconfig */ = {isa = PBXFileReference; includeInIndex = 1; lastKnownFileType = text.xcconfig; name = "Pods-moviemate-ios.release.xcconfig"; path = "Target Support Files/Pods-moviemate-ios/Pods-moviemate-ios.release.xcconfig"; sourceTree = "<group>"; };
		29D031F686DC5808AA4EC3C0 /* Pods_moviemate_ios.framework */ = {isa = PBXFileReference; explicitFileType = wrapper.framework; includeInIndex = 0; path = Pods_moviemate_ios.framework; sourceTree = BUILT_PRODUCTS_DIR; };
		83DEED8B049CA55F706FE94B /* Pods-moviemate-ios.debug.xcconfig */ = {isa = PBXFileReference; includeInIndex = 1; lastKnownFileType = text.xcconfig; name = "Pods-moviemate-ios.debug.xcconfig"; path = "Target Support Files/Pods-moviemate-ios/Pods-moviemate-ios.debug.xcconfig"; sourceTree = "<group>"; };
		A72B41852CDCFAE900CAE5D1 /* WaitingPageView.swift */ = {isa = PBXFileReference; fileEncoding = 4; lastKnownFileType = sourcecode.swift; path = WaitingPageView.swift; sourceTree = "<group>"; };
		A72B41862CDCFAE900CAE5D1 /* WaitingPageViewController.swift */ = {isa = PBXFileReference; fileEncoding = 4; lastKnownFileType = sourcecode.swift; path = WaitingPageViewController.swift; sourceTree = "<group>"; };
		A72B418A2CDCFB5200CAE5D1 /* ApiClient.swift */ = {isa = PBXFileReference; fileEncoding = 4; lastKnownFileType = sourcecode.swift; path = ApiClient.swift; sourceTree = "<group>"; };
		A72B418B2CDCFB5200CAE5D1 /* ApiError.swift */ = {isa = PBXFileReference; fileEncoding = 4; lastKnownFileType = sourcecode.swift; path = ApiError.swift; sourceTree = "<group>"; };
		A72B418C2CDCFB5200CAE5D1 /* AppState.swift */ = {isa = PBXFileReference; fileEncoding = 4; lastKnownFileType = sourcecode.swift; path = AppState.swift; sourceTree = "<group>"; };
		A72B418D2CDCFB5200CAE5D1 /* PollingManager.swift */ = {isa = PBXFileReference; fileEncoding = 4; lastKnownFileType = sourcecode.swift; path = PollingManager.swift; sourceTree = "<group>"; };
		A72B41932CDCFBB000CAE5D1 /* UIKeyboard+SnapKit.swift */ = {isa = PBXFileReference; fileEncoding = 4; lastKnownFileType = sourcecode.swift; path = "UIKeyboard+SnapKit.swift"; sourceTree = "<group>"; };
		A72B41952CDCFE3C00CAE5D1 /* LobbyInfo.swift */ = {isa = PBXFileReference; fileEncoding = 4; lastKnownFileType = sourcecode.swift; path = LobbyInfo.swift; sourceTree = "<group>"; };
		A72B41962CDCFE3C00CAE5D1 /* Movie.swift */ = {isa = PBXFileReference; fileEncoding = 4; lastKnownFileType = sourcecode.swift; path = Movie.swift; sourceTree = "<group>"; };
		A72B419A2CDCFE6200CAE5D1 /* AlertController.swift */ = {isa = PBXFileReference; fileEncoding = 4; lastKnownFileType = sourcecode.swift; path = AlertController.swift; sourceTree = "<group>"; };
		A72B419C2CDCFFCC00CAE5D1 /* DeckPageDataSource.swift */ = {isa = PBXFileReference; fileEncoding = 4; lastKnownFileType = sourcecode.swift; path = DeckPageDataSource.swift; sourceTree = "<group>"; };
		A72B419D2CDCFFCC00CAE5D1 /* DeckPageViewController.swift */ = {isa = PBXFileReference; fileEncoding = 4; lastKnownFileType = sourcecode.swift; path = DeckPageViewController.swift; sourceTree = "<group>"; };
		A72B41A32CDD005600CAE5D1 /* MovieActionsView.swift */ = {isa = PBXFileReference; fileEncoding = 4; lastKnownFileType = sourcecode.swift; path = MovieActionsView.swift; sourceTree = "<group>"; };
		A72B41A42CDD005600CAE5D1 /* MovieCardDescriptionViewController.swift */ = {isa = PBXFileReference; fileEncoding = 4; lastKnownFileType = sourcecode.swift; path = MovieCardDescriptionViewController.swift; sourceTree = "<group>"; };
		A72B41A52CDD005600CAE5D1 /* MovieGenresLabel.swift */ = {isa = PBXFileReference; fileEncoding = 4; lastKnownFileType = sourcecode.swift; path = MovieGenresLabel.swift; sourceTree = "<group>"; };
		A72B41A62CDD005600CAE5D1 /* MovieInfoLabel.swift */ = {isa = PBXFileReference; fileEncoding = 4; lastKnownFileType = sourcecode.swift; path = MovieInfoLabel.swift; sourceTree = "<group>"; };
		A72B41A82CDD005600CAE5D1 /* MovieCardView.swift */ = {isa = PBXFileReference; fileEncoding = 4; lastKnownFileType = sourcecode.swift; path = MovieCardView.swift; sourceTree = "<group>"; };
		A72B41A92CDD005600CAE5D1 /* MovieCardViewModel.swift */ = {isa = PBXFileReference; fileEncoding = 4; lastKnownFileType = sourcecode.swift; path = MovieCardViewModel.swift; sourceTree = "<group>"; };
		A72B41B12CDD2DA300CAE5D1 /* ResultPageView.swift */ = {isa = PBXFileReference; fileEncoding = 4; lastKnownFileType = sourcecode.swift; path = ResultPageView.swift; sourceTree = "<group>"; };
		A72B41B22CDD2DA300CAE5D1 /* ResultPageViewController.swift */ = {isa = PBXFileReference; fileEncoding = 4; lastKnownFileType = sourcecode.swift; path = ResultPageViewController.swift; sourceTree = "<group>"; };
		A72B41B32CDD2DA300CAE5D1 /* ResultPageViewModel.swift */ = {isa = PBXFileReference; fileEncoding = 4; lastKnownFileType = sourcecode.swift; path = ResultPageViewModel.swift; sourceTree = "<group>"; };
		A72B41B82CDD4B3E00CAE5D1 /* GenreCell.swift */ = {isa = PBXFileReference; fileEncoding = 4; lastKnownFileType = sourcecode.swift; path = GenreCell.swift; sourceTree = "<group>"; };
		A72B41B92CDD4B3E00CAE5D1 /* GenrePageView.swift */ = {isa = PBXFileReference; fileEncoding = 4; lastKnownFileType = sourcecode.swift; path = GenrePageView.swift; sourceTree = "<group>"; };
		A72B41BA2CDD4B3E00CAE5D1 /* GenrePageViewController.swift */ = {isa = PBXFileReference; fileEncoding = 4; lastKnownFileType = sourcecode.swift; path = GenrePageViewController.swift; sourceTree = "<group>"; };
		A72B41BB2CDD4B3E00CAE5D1 /* GenrePageViewModel.swift */ = {isa = PBXFileReference; fileEncoding = 4; lastKnownFileType = sourcecode.swift; path = GenrePageViewModel.swift; sourceTree = "<group>"; };
		A72DFBCF2CDAA42D00AF0C8A /* moviemate-ios.app */ = {isa = PBXFileReference; explicitFileType = wrapper.application; includeInIndex = 0; path = "moviemate-ios.app"; sourceTree = BUILT_PRODUCTS_DIR; };
		A72DFBD22CDAA42D00AF0C8A /* AppDelegate.swift */ = {isa = PBXFileReference; lastKnownFileType = sourcecode.swift; path = AppDelegate.swift; sourceTree = "<group>"; };
		A72DFBD42CDAA42D00AF0C8A /* SceneDelegate.swift */ = {isa = PBXFileReference; lastKnownFileType = sourcecode.swift; path = SceneDelegate.swift; sourceTree = "<group>"; };
		A72DFBDB2CDAA42E00AF0C8A /* Assets.xcassets */ = {isa = PBXFileReference; lastKnownFileType = folder.assetcatalog; path = Assets.xcassets; sourceTree = "<group>"; };
		A72DFBDE2CDAA42E00AF0C8A /* Base */ = {isa = PBXFileReference; lastKnownFileType = file.storyboard; name = Base; path = Base.lproj/LaunchScreen.storyboard; sourceTree = "<group>"; };
		A72DFBE02CDAA42E00AF0C8A /* Info.plist */ = {isa = PBXFileReference; lastKnownFileType = text.plist.xml; path = Info.plist; sourceTree = "<group>"; };
		A76FDF2D2CDAA88900F0786B /* WelcomePageViewController.swift */ = {isa = PBXFileReference; lastKnownFileType = sourcecode.swift; path = WelcomePageViewController.swift; sourceTree = "<group>"; };
		A76FDF302CDAA8A900F0786B /* WelcomePageViewModel.swift */ = {isa = PBXFileReference; lastKnownFileType = sourcecode.swift; path = WelcomePageViewModel.swift; sourceTree = "<group>"; };
		A76FDF322CDAA8C100F0786B /* WelcomePageView.swift */ = {isa = PBXFileReference; lastKnownFileType = sourcecode.swift; path = WelcomePageView.swift; sourceTree = "<group>"; };
		A7A34BC22CDAA9A4001C42B7 /* Utils.swift */ = {isa = PBXFileReference; lastKnownFileType = sourcecode.swift; path = Utils.swift; sourceTree = "<group>"; };
		A7A34BC52CDAAAF0001C42B7 /* Router.swift */ = {isa = PBXFileReference; lastKnownFileType = sourcecode.swift; path = Router.swift; sourceTree = "<group>"; };
		A7A34BC72CDAAB03001C42B7 /* Page.swift */ = {isa = PBXFileReference; lastKnownFileType = sourcecode.swift; path = Page.swift; sourceTree = "<group>"; };
		A7A35E2E2CDBDD1C001C42B7 /* LobbyPageView.swift */ = {isa = PBXFileReference; fileEncoding = 4; lastKnownFileType = sourcecode.swift; path = LobbyPageView.swift; sourceTree = "<group>"; };
		A7A35E2F2CDBDD1C001C42B7 /* LobbyPageViewController.swift */ = {isa = PBXFileReference; fileEncoding = 4; lastKnownFileType = sourcecode.swift; path = LobbyPageViewController.swift; sourceTree = "<group>"; };
		A7A35E302CDBDD1C001C42B7 /* LobbyPageViewModel.swift */ = {isa = PBXFileReference; fileEncoding = 4; lastKnownFileType = sourcecode.swift; path = LobbyPageViewModel.swift; sourceTree = "<group>"; };
/* End PBXFileReference section */

/* Begin PBXFrameworksBuildPhase section */
		A72DFBCC2CDAA42D00AF0C8A /* Frameworks */ = {
			isa = PBXFrameworksBuildPhase;
			buildActionMask = 2147483647;
			files = (
				8D65B6B6E0AD590AEE4AFFA1 /* Pods_moviemate_ios.framework in Frameworks */,
			);
			runOnlyForDeploymentPostprocessing = 0;
		};
/* End PBXFrameworksBuildPhase section */

/* Begin PBXGroup section */
		A72B41872CDCFAE900CAE5D1 /* WaitingPage */ = {
			isa = PBXGroup;
			children = (
				A72B41852CDCFAE900CAE5D1 /* WaitingPageView.swift */,
				A72B41862CDCFAE900CAE5D1 /* WaitingPageViewController.swift */,
			);
			path = WaitingPage;
			sourceTree = "<group>";
		};
		A72B418E2CDCFB5200CAE5D1 /* Networking */ = {
			isa = PBXGroup;
			children = (
				A72B418A2CDCFB5200CAE5D1 /* ApiClient.swift */,
				A72B418B2CDCFB5200CAE5D1 /* ApiError.swift */,
				A72B418C2CDCFB5200CAE5D1 /* AppState.swift */,
				A72B418D2CDCFB5200CAE5D1 /* PollingManager.swift */,
			);
			path = Networking;
			sourceTree = "<group>";
		};
		A72B41972CDCFE3C00CAE5D1 /* Model */ = {
			isa = PBXGroup;
			children = (
				A72B41952CDCFE3C00CAE5D1 /* LobbyInfo.swift */,
				A72B41962CDCFE3C00CAE5D1 /* Movie.swift */,
			);
			path = Model;
			sourceTree = "<group>";
		};
		A72B419F2CDCFFCC00CAE5D1 /* DeckPage */ = {
			isa = PBXGroup;
			children = (
				A72B419C2CDCFFCC00CAE5D1 /* DeckPageDataSource.swift */,
				A72B419D2CDCFFCC00CAE5D1 /* DeckPageViewController.swift */,
				A72B41AA2CDD005600CAE5D1 /* Card */,
			);
			path = DeckPage;
			sourceTree = "<group>";
		};
		A72B41A72CDD005600CAE5D1 /* Supplementary */ = {
			isa = PBXGroup;
			children = (
				A72B41A32CDD005600CAE5D1 /* MovieActionsView.swift */,
				A72B41A42CDD005600CAE5D1 /* MovieCardDescriptionViewController.swift */,
				A72B41A52CDD005600CAE5D1 /* MovieGenresLabel.swift */,
				A72B41A62CDD005600CAE5D1 /* MovieInfoLabel.swift */,
			);
			path = Supplementary;
			sourceTree = "<group>";
		};
		A72B41AA2CDD005600CAE5D1 /* Card */ = {
			isa = PBXGroup;
			children = (
				A72B41A72CDD005600CAE5D1 /* Supplementary */,
				A72B41A82CDD005600CAE5D1 /* MovieCardView.swift */,
				A72B41A92CDD005600CAE5D1 /* MovieCardViewModel.swift */,
			);
			path = Card;
			sourceTree = "<group>";
		};
		A72B41B42CDD2DA300CAE5D1 /* ResultPage */ = {
			isa = PBXGroup;
			children = (
				A72B41B12CDD2DA300CAE5D1 /* ResultPageView.swift */,
				A72B41B22CDD2DA300CAE5D1 /* ResultPageViewController.swift */,
				A72B41B32CDD2DA300CAE5D1 /* ResultPageViewModel.swift */,
			);
			path = ResultPage;
			sourceTree = "<group>";
		};
		A72B41BC2CDD4B3E00CAE5D1 /* GenrePage */ = {
			isa = PBXGroup;
			children = (
				A72B41B82CDD4B3E00CAE5D1 /* GenreCell.swift */,
				A72B41B92CDD4B3E00CAE5D1 /* GenrePageView.swift */,
				A72B41BA2CDD4B3E00CAE5D1 /* GenrePageViewController.swift */,
				A72B41BB2CDD4B3E00CAE5D1 /* GenrePageViewModel.swift */,
			);
			path = GenrePage;
			sourceTree = "<group>";
		};
		A72DFBC62CDAA42D00AF0C8A = {
			isa = PBXGroup;
			children = (
				A72DFBD12CDAA42D00AF0C8A /* moviemate-ios */,
				A72DFBD02CDAA42D00AF0C8A /* Products */,
				DBBA7645E24B716804DE724F /* Pods */,
				BC2A5615FA3E0FC319EC39F7 /* Frameworks */,
			);
			sourceTree = "<group>";
		};
		A72DFBD02CDAA42D00AF0C8A /* Products */ = {
			isa = PBXGroup;
			children = (
				A72DFBCF2CDAA42D00AF0C8A /* moviemate-ios.app */,
			);
			name = Products;
			sourceTree = "<group>";
		};
		A72DFBD12CDAA42D00AF0C8A /* moviemate-ios */ = {
			isa = PBXGroup;
			children = (
				A72B41BC2CDD4B3E00CAE5D1 /* GenrePage */,
				A72B41B42CDD2DA300CAE5D1 /* ResultPage */,
				A72B419F2CDCFFCC00CAE5D1 /* DeckPage */,
				A72B41972CDCFE3C00CAE5D1 /* Model */,
				A72B418E2CDCFB5200CAE5D1 /* Networking */,
				A72B41872CDCFAE900CAE5D1 /* WaitingPage */,
				A72DFBD22CDAA42D00AF0C8A /* AppDelegate.swift */,
				A72DFBD42CDAA42D00AF0C8A /* SceneDelegate.swift */,
				A7A35E312CDBDD1C001C42B7 /* LobbyPage */,
				A7A34BC92CDAAB18001C42B7 /* Navigation */,
				A7A34BC42CDAA9D5001C42B7 /* Utils */,
				A76FDF2F2CDAA88C00F0786B /* WelcomePage */,
				A72DFBDB2CDAA42E00AF0C8A /* Assets.xcassets */,
				A72DFBDD2CDAA42E00AF0C8A /* LaunchScreen.storyboard */,
				A72DFBE02CDAA42E00AF0C8A /* Info.plist */,
			);
			path = "moviemate-ios";
			sourceTree = "<group>";
		};
		A76FDF2F2CDAA88C00F0786B /* WelcomePage */ = {
			isa = PBXGroup;
			children = (
				A76FDF2D2CDAA88900F0786B /* WelcomePageViewController.swift */,
				A76FDF302CDAA8A900F0786B /* WelcomePageViewModel.swift */,
				A76FDF322CDAA8C100F0786B /* WelcomePageView.swift */,
			);
			path = WelcomePage;
			sourceTree = "<group>";
		};
		A7A34BC42CDAA9D5001C42B7 /* Utils */ = {
			isa = PBXGroup;
			children = (
				A72B41932CDCFBB000CAE5D1 /* UIKeyboard+SnapKit.swift */,
				A72B419A2CDCFE6200CAE5D1 /* AlertController.swift */,
				A7A34BC22CDAA9A4001C42B7 /* Utils.swift */,
			);
			path = Utils;
			sourceTree = "<group>";
		};
		A7A34BC92CDAAB18001C42B7 /* Navigation */ = {
			isa = PBXGroup;
			children = (
				A7A34BC52CDAAAF0001C42B7 /* Router.swift */,
				A7A34BC72CDAAB03001C42B7 /* Page.swift */,
			);
			path = Navigation;
			sourceTree = "<group>";
		};
		A7A35E312CDBDD1C001C42B7 /* LobbyPage */ = {
			isa = PBXGroup;
			children = (
				A7A35E2E2CDBDD1C001C42B7 /* LobbyPageView.swift */,
				A7A35E2F2CDBDD1C001C42B7 /* LobbyPageViewController.swift */,
				A7A35E302CDBDD1C001C42B7 /* LobbyPageViewModel.swift */,
			);
			path = LobbyPage;
			sourceTree = "<group>";
		};
		BC2A5615FA3E0FC319EC39F7 /* Frameworks */ = {
			isa = PBXGroup;
			children = (
				29D031F686DC5808AA4EC3C0 /* Pods_moviemate_ios.framework */,
			);
			name = Frameworks;
			sourceTree = "<group>";
		};
		DBBA7645E24B716804DE724F /* Pods */ = {
			isa = PBXGroup;
			children = (
				83DEED8B049CA55F706FE94B /* Pods-moviemate-ios.debug.xcconfig */,
				0971F5C9D282B1FA281C820F /* Pods-moviemate-ios.release.xcconfig */,
			);
			path = Pods;
			sourceTree = "<group>";
		};
/* End PBXGroup section */

/* Begin PBXNativeTarget section */
		A72DFBCE2CDAA42D00AF0C8A /* moviemate-ios */ = {
			isa = PBXNativeTarget;
			buildConfigurationList = A72DFBE32CDAA42E00AF0C8A /* Build configuration list for PBXNativeTarget "moviemate-ios" */;
			buildPhases = (
				B8F3F708BD8E841100423867 /* [CP] Check Pods Manifest.lock */,
				A72DFBCB2CDAA42D00AF0C8A /* Sources */,
				A72DFBCC2CDAA42D00AF0C8A /* Frameworks */,
				A72DFBCD2CDAA42D00AF0C8A /* Resources */,
				249CC66008D74F875B85D9F0 /* [CP] Embed Pods Frameworks */,
			);
			buildRules = (
			);
			dependencies = (
			);
			name = "moviemate-ios";
			productName = "moviemate-ios";
			productReference = A72DFBCF2CDAA42D00AF0C8A /* moviemate-ios.app */;
			productType = "com.apple.product-type.application";
		};
/* End PBXNativeTarget section */

/* Begin PBXProject section */
		A72DFBC72CDAA42D00AF0C8A /* Project object */ = {
			isa = PBXProject;
			attributes = {
				BuildIndependentTargetsInParallel = 1;
				LastSwiftUpdateCheck = 1540;
				LastUpgradeCheck = 1540;
				TargetAttributes = {
					A72DFBCE2CDAA42D00AF0C8A = {
						CreatedOnToolsVersion = 15.4;
					};
				};
			};
			buildConfigurationList = A72DFBCA2CDAA42D00AF0C8A /* Build configuration list for PBXProject "moviemate-ios" */;
			compatibilityVersion = "Xcode 14.0";
			developmentRegion = en;
			hasScannedForEncodings = 0;
			knownRegions = (
				en,
				Base,
			);
			mainGroup = A72DFBC62CDAA42D00AF0C8A;
			productRefGroup = A72DFBD02CDAA42D00AF0C8A /* Products */;
			projectDirPath = "";
			projectRoot = "";
			targets = (
				A72DFBCE2CDAA42D00AF0C8A /* moviemate-ios */,
			);
		};
/* End PBXProject section */

/* Begin PBXResourcesBuildPhase section */
		A72DFBCD2CDAA42D00AF0C8A /* Resources */ = {
			isa = PBXResourcesBuildPhase;
			buildActionMask = 2147483647;
			files = (
				A72DFBDC2CDAA42E00AF0C8A /* Assets.xcassets in Resources */,
				A72DFBDF2CDAA42E00AF0C8A /* Base in Resources */,
			);
			runOnlyForDeploymentPostprocessing = 0;
		};
/* End PBXResourcesBuildPhase section */

/* Begin PBXShellScriptBuildPhase section */
		249CC66008D74F875B85D9F0 /* [CP] Embed Pods Frameworks */ = {
			isa = PBXShellScriptBuildPhase;
			buildActionMask = 2147483647;
			files = (
			);
			inputFileListPaths = (
				"${PODS_ROOT}/Target Support Files/Pods-moviemate-ios/Pods-moviemate-ios-frameworks-${CONFIGURATION}-input-files.xcfilelist",
			);
			name = "[CP] Embed Pods Frameworks";
			outputFileListPaths = (
				"${PODS_ROOT}/Target Support Files/Pods-moviemate-ios/Pods-moviemate-ios-frameworks-${CONFIGURATION}-output-files.xcfilelist",
			);
			runOnlyForDeploymentPostprocessing = 0;
			shellPath = /bin/sh;
			shellScript = "\"${PODS_ROOT}/Target Support Files/Pods-moviemate-ios/Pods-moviemate-ios-frameworks.sh\"\n";
			showEnvVarsInLog = 0;
		};
		B8F3F708BD8E841100423867 /* [CP] Check Pods Manifest.lock */ = {
			isa = PBXShellScriptBuildPhase;
			buildActionMask = 2147483647;
			files = (
			);
			inputFileListPaths = (
			);
			inputPaths = (
				"${PODS_PODFILE_DIR_PATH}/Podfile.lock",
				"${PODS_ROOT}/Manifest.lock",
			);
			name = "[CP] Check Pods Manifest.lock";
			outputFileListPaths = (
			);
			outputPaths = (
				"$(DERIVED_FILE_DIR)/Pods-moviemate-ios-checkManifestLockResult.txt",
			);
			runOnlyForDeploymentPostprocessing = 0;
			shellPath = /bin/sh;
			shellScript = "diff \"${PODS_PODFILE_DIR_PATH}/Podfile.lock\" \"${PODS_ROOT}/Manifest.lock\" > /dev/null\nif [ $? != 0 ] ; then\n    # print error to STDERR\n    echo \"error: The sandbox is not in sync with the Podfile.lock. Run 'pod install' or update your CocoaPods installation.\" >&2\n    exit 1\nfi\n# This output is used by Xcode 'outputs' to avoid re-running this script phase.\necho \"SUCCESS\" > \"${SCRIPT_OUTPUT_FILE_0}\"\n";
			showEnvVarsInLog = 0;
		};
/* End PBXShellScriptBuildPhase section */

/* Begin PBXSourcesBuildPhase section */
		A72DFBCB2CDAA42D00AF0C8A /* Sources */ = {
			isa = PBXSourcesBuildPhase;
			buildActionMask = 2147483647;
			files = (
				A7A35E332CDBDD1C001C42B7 /* LobbyPageViewController.swift in Sources */,
				A7A34BC62CDAAAF0001C42B7 /* Router.swift in Sources */,
				A7A35E322CDBDD1C001C42B7 /* LobbyPageView.swift in Sources */,
				A72DFBD32CDAA42D00AF0C8A /* AppDelegate.swift in Sources */,
				A72B41A02CDCFFCD00CAE5D1 /* DeckPageDataSource.swift in Sources */,
				A72B419B2CDCFE6200CAE5D1 /* AlertController.swift in Sources */,
				A7A35E342CDBDD1C001C42B7 /* LobbyPageViewModel.swift in Sources */,
				A76FDF332CDAA8C100F0786B /* WelcomePageView.swift in Sources */,
				A72B41BD2CDD4B3E00CAE5D1 /* GenreCell.swift in Sources */,
				A7A34BC32CDAA9A4001C42B7 /* Utils.swift in Sources */,
				A72B41A12CDCFFCD00CAE5D1 /* DeckPageViewController.swift in Sources */,
				A72B41AC2CDD005600CAE5D1 /* MovieCardDescriptionViewController.swift in Sources */,
				A72B418F2CDCFB5200CAE5D1 /* ApiClient.swift in Sources */,
				A72B41902CDCFB5200CAE5D1 /* ApiError.swift in Sources */,
				A72B41B62CDD2DA300CAE5D1 /* ResultPageViewController.swift in Sources */,
				A72B41982CDCFE3C00CAE5D1 /* LobbyInfo.swift in Sources */,
				A72B41B52CDD2DA300CAE5D1 /* ResultPageView.swift in Sources */,
				A72B41882CDCFAE900CAE5D1 /* WaitingPageView.swift in Sources */,
				A7A34BC82CDAAB03001C42B7 /* Page.swift in Sources */,
				A72B41912CDCFB5200CAE5D1 /* AppState.swift in Sources */,
				A72B41AE2CDD005600CAE5D1 /* MovieInfoLabel.swift in Sources */,
				A72B41B02CDD005600CAE5D1 /* MovieCardViewModel.swift in Sources */,
				A72B41AD2CDD005600CAE5D1 /* MovieGenresLabel.swift in Sources */,
				A72B41AF2CDD005600CAE5D1 /* MovieCardView.swift in Sources */,
				A72B41BF2CDD4B3E00CAE5D1 /* GenrePageViewController.swift in Sources */,
				A76FDF2E2CDAA88900F0786B /* WelcomePageViewController.swift in Sources */,
				A72B41992CDCFE3C00CAE5D1 /* Movie.swift in Sources */,
				A72B41942CDCFBB000CAE5D1 /* UIKeyboard+SnapKit.swift in Sources */,
				A72B41922CDCFB5200CAE5D1 /* PollingManager.swift in Sources */,
				A72B41C02CDD4B3E00CAE5D1 /* GenrePageViewModel.swift in Sources */,
				A76FDF312CDAA8A900F0786B /* WelcomePageViewModel.swift in Sources */,
				A72B41B72CDD2DA300CAE5D1 /* ResultPageViewModel.swift in Sources */,
				A72B41AB2CDD005600CAE5D1 /* MovieActionsView.swift in Sources */,
				A72B41892CDCFAE900CAE5D1 /* WaitingPageViewController.swift in Sources */,
				A72DFBD52CDAA42D00AF0C8A /* SceneDelegate.swift in Sources */,
				A72B41BE2CDD4B3E00CAE5D1 /* GenrePageView.swift in Sources */,
			);
			runOnlyForDeploymentPostprocessing = 0;
		};
/* End PBXSourcesBuildPhase section */

/* Begin PBXVariantGroup section */
		A72DFBDD2CDAA42E00AF0C8A /* LaunchScreen.storyboard */ = {
			isa = PBXVariantGroup;
			children = (
				A72DFBDE2CDAA42E00AF0C8A /* Base */,
			);
			name = LaunchScreen.storyboard;
			sourceTree = "<group>";
		};
/* End PBXVariantGroup section */

/* Begin XCBuildConfiguration section */
		A72DFBE12CDAA42E00AF0C8A /* Debug */ = {
			isa = XCBuildConfiguration;
			buildSettings = {
				ALWAYS_SEARCH_USER_PATHS = NO;
				ASSETCATALOG_COMPILER_GENERATE_SWIFT_ASSET_SYMBOL_EXTENSIONS = YES;
				CLANG_ANALYZER_NONNULL = YES;
				CLANG_ANALYZER_NUMBER_OBJECT_CONVERSION = YES_AGGRESSIVE;
				CLANG_CXX_LANGUAGE_STANDARD = "gnu++20";
				CLANG_ENABLE_MODULES = YES;
				CLANG_ENABLE_OBJC_ARC = YES;
				CLANG_ENABLE_OBJC_WEAK = YES;
				CLANG_WARN_BLOCK_CAPTURE_AUTORELEASING = YES;
				CLANG_WARN_BOOL_CONVERSION = YES;
				CLANG_WARN_COMMA = YES;
				CLANG_WARN_CONSTANT_CONVERSION = YES;
				CLANG_WARN_DEPRECATED_OBJC_IMPLEMENTATIONS = YES;
				CLANG_WARN_DIRECT_OBJC_ISA_USAGE = YES_ERROR;
				CLANG_WARN_DOCUMENTATION_COMMENTS = YES;
				CLANG_WARN_EMPTY_BODY = YES;
				CLANG_WARN_ENUM_CONVERSION = YES;
				CLANG_WARN_INFINITE_RECURSION = YES;
				CLANG_WARN_INT_CONVERSION = YES;
				CLANG_WARN_NON_LITERAL_NULL_CONVERSION = YES;
				CLANG_WARN_OBJC_IMPLICIT_RETAIN_SELF = YES;
				CLANG_WARN_OBJC_LITERAL_CONVERSION = YES;
				CLANG_WARN_OBJC_ROOT_CLASS = YES_ERROR;
				CLANG_WARN_QUOTED_INCLUDE_IN_FRAMEWORK_HEADER = YES;
				CLANG_WARN_RANGE_LOOP_ANALYSIS = YES;
				CLANG_WARN_STRICT_PROTOTYPES = YES;
				CLANG_WARN_SUSPICIOUS_MOVE = YES;
				CLANG_WARN_UNGUARDED_AVAILABILITY = YES_AGGRESSIVE;
				CLANG_WARN_UNREACHABLE_CODE = YES;
				CLANG_WARN__DUPLICATE_METHOD_MATCH = YES;
				COPY_PHASE_STRIP = NO;
				DEBUG_INFORMATION_FORMAT = dwarf;
				ENABLE_STRICT_OBJC_MSGSEND = YES;
				ENABLE_TESTABILITY = YES;
				ENABLE_USER_SCRIPT_SANDBOXING = YES;
				GCC_C_LANGUAGE_STANDARD = gnu17;
				GCC_DYNAMIC_NO_PIC = NO;
				GCC_NO_COMMON_BLOCKS = YES;
				GCC_OPTIMIZATION_LEVEL = 0;
				GCC_PREPROCESSOR_DEFINITIONS = (
					"DEBUG=1",
					"$(inherited)",
				);
				GCC_WARN_64_TO_32_BIT_CONVERSION = YES;
				GCC_WARN_ABOUT_RETURN_TYPE = YES_ERROR;
				GCC_WARN_UNDECLARED_SELECTOR = YES;
				GCC_WARN_UNINITIALIZED_AUTOS = YES_AGGRESSIVE;
				GCC_WARN_UNUSED_FUNCTION = YES;
				GCC_WARN_UNUSED_VARIABLE = YES;
				IPHONEOS_DEPLOYMENT_TARGET = 16.0;
				LOCALIZATION_PREFERS_STRING_CATALOGS = YES;
				MTL_ENABLE_DEBUG_INFO = INCLUDE_SOURCE;
				MTL_FAST_MATH = YES;
				ONLY_ACTIVE_ARCH = YES;
				SDKROOT = iphoneos;
				SWIFT_ACTIVE_COMPILATION_CONDITIONS = "DEBUG $(inherited)";
				SWIFT_OPTIMIZATION_LEVEL = "-Onone";
			};
			name = Debug;
		};
		A72DFBE22CDAA42E00AF0C8A /* Release */ = {
			isa = XCBuildConfiguration;
			buildSettings = {
				ALWAYS_SEARCH_USER_PATHS = NO;
				ASSETCATALOG_COMPILER_GENERATE_SWIFT_ASSET_SYMBOL_EXTENSIONS = YES;
				CLANG_ANALYZER_NONNULL = YES;
				CLANG_ANALYZER_NUMBER_OBJECT_CONVERSION = YES_AGGRESSIVE;
				CLANG_CXX_LANGUAGE_STANDARD = "gnu++20";
				CLANG_ENABLE_MODULES = YES;
				CLANG_ENABLE_OBJC_ARC = YES;
				CLANG_ENABLE_OBJC_WEAK = YES;
				CLANG_WARN_BLOCK_CAPTURE_AUTORELEASING = YES;
				CLANG_WARN_BOOL_CONVERSION = YES;
				CLANG_WARN_COMMA = YES;
				CLANG_WARN_CONSTANT_CONVERSION = YES;
				CLANG_WARN_DEPRECATED_OBJC_IMPLEMENTATIONS = YES;
				CLANG_WARN_DIRECT_OBJC_ISA_USAGE = YES_ERROR;
				CLANG_WARN_DOCUMENTATION_COMMENTS = YES;
				CLANG_WARN_EMPTY_BODY = YES;
				CLANG_WARN_ENUM_CONVERSION = YES;
				CLANG_WARN_INFINITE_RECURSION = YES;
				CLANG_WARN_INT_CONVERSION = YES;
				CLANG_WARN_NON_LITERAL_NULL_CONVERSION = YES;
				CLANG_WARN_OBJC_IMPLICIT_RETAIN_SELF = YES;
				CLANG_WARN_OBJC_LITERAL_CONVERSION = YES;
				CLANG_WARN_OBJC_ROOT_CLASS = YES_ERROR;
				CLANG_WARN_QUOTED_INCLUDE_IN_FRAMEWORK_HEADER = YES;
				CLANG_WARN_RANGE_LOOP_ANALYSIS = YES;
				CLANG_WARN_STRICT_PROTOTYPES = YES;
				CLANG_WARN_SUSPICIOUS_MOVE = YES;
				CLANG_WARN_UNGUARDED_AVAILABILITY = YES_AGGRESSIVE;
				CLANG_WARN_UNREACHABLE_CODE = YES;
				CLANG_WARN__DUPLICATE_METHOD_MATCH = YES;
				COPY_PHASE_STRIP = NO;
				DEBUG_INFORMATION_FORMAT = "dwarf-with-dsym";
				ENABLE_NS_ASSERTIONS = NO;
				ENABLE_STRICT_OBJC_MSGSEND = YES;
				ENABLE_USER_SCRIPT_SANDBOXING = YES;
				GCC_C_LANGUAGE_STANDARD = gnu17;
				GCC_NO_COMMON_BLOCKS = YES;
				GCC_WARN_64_TO_32_BIT_CONVERSION = YES;
				GCC_WARN_ABOUT_RETURN_TYPE = YES_ERROR;
				GCC_WARN_UNDECLARED_SELECTOR = YES;
				GCC_WARN_UNINITIALIZED_AUTOS = YES_AGGRESSIVE;
				GCC_WARN_UNUSED_FUNCTION = YES;
				GCC_WARN_UNUSED_VARIABLE = YES;
				IPHONEOS_DEPLOYMENT_TARGET = 16.0;
				LOCALIZATION_PREFERS_STRING_CATALOGS = YES;
				MTL_ENABLE_DEBUG_INFO = NO;
				MTL_FAST_MATH = YES;
				SDKROOT = iphoneos;
				SWIFT_COMPILATION_MODE = wholemodule;
				VALIDATE_PRODUCT = YES;
			};
			name = Release;
		};
		A72DFBE42CDAA42E00AF0C8A /* Debug */ = {
			isa = XCBuildConfiguration;
			baseConfigurationReference = 83DEED8B049CA55F706FE94B /* Pods-moviemate-ios.debug.xcconfig */;
			buildSettings = {
				ASSETCATALOG_COMPILER_APPICON_NAME = AppIcon;
				ASSETCATALOG_COMPILER_GLOBAL_ACCENT_COLOR_NAME = AccentColor;
				CODE_SIGN_STYLE = Automatic;
				CURRENT_PROJECT_VERSION = 1;
				DEVELOPMENT_TEAM = L3Y55SM2AA;
				ENABLE_USER_SCRIPT_SANDBOXING = NO;
				GENERATE_INFOPLIST_FILE = YES;
				INFOPLIST_FILE = "moviemate-ios/Info.plist";
				INFOPLIST_KEY_UIApplicationSupportsIndirectInputEvents = YES;
				INFOPLIST_KEY_UILaunchStoryboardName = LaunchScreen;
				INFOPLIST_KEY_UIStatusBarStyle = "";
				INFOPLIST_KEY_UISupportedInterfaceOrientations = UIInterfaceOrientationPortrait;
				IPHONEOS_DEPLOYMENT_TARGET = 16.0;
				LD_RUNPATH_SEARCH_PATHS = (
					"$(inherited)",
					"@executable_path/Frameworks",
				);
				MARKETING_VERSION = 1.0;
				PRODUCT_BUNDLE_IDENTIFIER = "ru.devdays.moviemate-ios";
				PRODUCT_NAME = "$(TARGET_NAME)";
				SUPPORTED_PLATFORMS = "iphoneos iphonesimulator";
				SUPPORTS_MACCATALYST = NO;
				SUPPORTS_MAC_DESIGNED_FOR_IPHONE_IPAD = NO;
				SUPPORTS_XR_DESIGNED_FOR_IPHONE_IPAD = NO;
				SWIFT_EMIT_LOC_STRINGS = YES;
				SWIFT_VERSION = 5.0;
				TARGETED_DEVICE_FAMILY = 1;
			};
			name = Debug;
		};
		A72DFBE52CDAA42E00AF0C8A /* Release */ = {
			isa = XCBuildConfiguration;
			baseConfigurationReference = 0971F5C9D282B1FA281C820F /* Pods-moviemate-ios.release.xcconfig */;
			buildSettings = {
				ASSETCATALOG_COMPILER_APPICON_NAME = AppIcon;
				ASSETCATALOG_COMPILER_GLOBAL_ACCENT_COLOR_NAME = AccentColor;
				CODE_SIGN_STYLE = Automatic;
				CURRENT_PROJECT_VERSION = 1;
				DEVELOPMENT_TEAM = L3Y55SM2AA;
				ENABLE_USER_SCRIPT_SANDBOXING = NO;
				GENERATE_INFOPLIST_FILE = YES;
				INFOPLIST_FILE = "moviemate-ios/Info.plist";
				INFOPLIST_KEY_UIApplicationSupportsIndirectInputEvents = YES;
				INFOPLIST_KEY_UILaunchStoryboardName = LaunchScreen;
				INFOPLIST_KEY_UIStatusBarStyle = "";
				INFOPLIST_KEY_UISupportedInterfaceOrientations = UIInterfaceOrientationPortrait;
				IPHONEOS_DEPLOYMENT_TARGET = 16.0;
				LD_RUNPATH_SEARCH_PATHS = (
					"$(inherited)",
					"@executable_path/Frameworks",
				);
				MARKETING_VERSION = 1.0;
				PRODUCT_BUNDLE_IDENTIFIER = "ru.devdays.moviemate-ios";
				PRODUCT_NAME = "$(TARGET_NAME)";
				SUPPORTED_PLATFORMS = "iphoneos iphonesimulator";
				SUPPORTS_MACCATALYST = NO;
				SUPPORTS_MAC_DESIGNED_FOR_IPHONE_IPAD = NO;
				SUPPORTS_XR_DESIGNED_FOR_IPHONE_IPAD = NO;
				SWIFT_EMIT_LOC_STRINGS = YES;
				SWIFT_VERSION = 5.0;
				TARGETED_DEVICE_FAMILY = 1;
			};
			name = Release;
		};
/* End XCBuildConfiguration section */

/* Begin XCConfigurationList section */
		A72DFBCA2CDAA42D00AF0C8A /* Build configuration list for PBXProject "moviemate-ios" */ = {
			isa = XCConfigurationList;
			buildConfigurations = (
				A72DFBE12CDAA42E00AF0C8A /* Debug */,
				A72DFBE22CDAA42E00AF0C8A /* Release */,
			);
			defaultConfigurationIsVisible = 0;
			defaultConfigurationName = Release;
		};
		A72DFBE32CDAA42E00AF0C8A /* Build configuration list for PBXNativeTarget "moviemate-ios" */ = {
			isa = XCConfigurationList;
			buildConfigurations = (
				A72DFBE42CDAA42E00AF0C8A /* Debug */,
				A72DFBE52CDAA42E00AF0C8A /* Release */,
			);
			defaultConfigurationIsVisible = 0;
			defaultConfigurationName = Release;
		};
/* End XCConfigurationList section */
	};
	rootObject = A72DFBC72CDAA42D00AF0C8A /* Project object */;
}
